// !$*UTF8*$!
{
	archiveVersion = 1;
	classes = {
	};
	objectVersion = 48;
	objects = {

/* Begin PBXBuildFile section */
		1E76A33C2D8ED9D71E2BBDA6 /* Pods_Smack.framework in Frameworks */ = {isa = PBXBuildFile; fileRef = BCDD3B122F931735951BCB4B /* Pods_Smack.framework */; };
		A316D97C2222B2DE000E4721 /* AuthService.swift in Sources */ = {isa = PBXBuildFile; fileRef = A316D97B2222B2DE000E4721 /* AuthService.swift */; };
		A388E1912218BEB600B7A672 /* AppDelegate.swift in Sources */ = {isa = PBXBuildFile; fileRef = A388E1902218BEB600B7A672 /* AppDelegate.swift */; };
		A388E1962218BEB600B7A672 /* Main.storyboard in Resources */ = {isa = PBXBuildFile; fileRef = A388E1942218BEB600B7A672 /* Main.storyboard */; };
		A388E1982218BEB600B7A672 /* Assets.xcassets in Resources */ = {isa = PBXBuildFile; fileRef = A388E1972218BEB600B7A672 /* Assets.xcassets */; };
		A388E19B2218BEB600B7A672 /* LaunchScreen.storyboard in Resources */ = {isa = PBXBuildFile; fileRef = A388E1992218BEB600B7A672 /* LaunchScreen.storyboard */; };
		A388E1A6221981D500B7A672 /* SWRevealViewController.m in Sources */ = {isa = PBXBuildFile; fileRef = A388E1A5221981D500B7A672 /* SWRevealViewController.m */; };
		A388E1AB2219C8CE00B7A672 /* ChannelVC.swift in Sources */ = {isa = PBXBuildFile; fileRef = A388E1AA2219C8CE00B7A672 /* ChannelVC.swift */; };
		A388E1AD2219C8E800B7A672 /* ChatVC.swift in Sources */ = {isa = PBXBuildFile; fileRef = A388E1AC2219C8E800B7A672 /* ChatVC.swift */; };
		A388E1AF221AFDAD00B7A672 /* GradiantView.swift in Sources */ = {isa = PBXBuildFile; fileRef = A388E1AE221AFDAC00B7A672 /* GradiantView.swift */; };
		A3E3994C221B327100CD60CD /* Constants.swift in Sources */ = {isa = PBXBuildFile; fileRef = A3E3994B221B327100CD60CD /* Constants.swift */; };
		A3E3994E221B4CE200CD60CD /* LoginVC.swift in Sources */ = {isa = PBXBuildFile; fileRef = A3E3994D221B4CE200CD60CD /* LoginVC.swift */; };
		A3E39950221B693000CD60CD /* CreateAccountVC.swift in Sources */ = {isa = PBXBuildFile; fileRef = A3E3994F221B693000CD60CD /* CreateAccountVC.swift */; };
/* End PBXBuildFile section */

/* Begin PBXFileReference section */
		3E2D68C59BC39357A67986EA /* Pods-Smack.debug.xcconfig */ = {isa = PBXFileReference; includeInIndex = 1; lastKnownFileType = text.xcconfig; name = "Pods-Smack.debug.xcconfig"; path = "Pods/Target Support Files/Pods-Smack/Pods-Smack.debug.xcconfig"; sourceTree = "<group>"; };
		A316D97B2222B2DE000E4721 /* AuthService.swift */ = {isa = PBXFileReference; lastKnownFileType = sourcecode.swift; path = AuthService.swift; sourceTree = "<group>"; };
		A388E18D2218BEB600B7A672 /* Smack.app */ = {isa = PBXFileReference; explicitFileType = wrapper.application; includeInIndex = 0; path = Smack.app; sourceTree = BUILT_PRODUCTS_DIR; };
		A388E1902218BEB600B7A672 /* AppDelegate.swift */ = {isa = PBXFileReference; lastKnownFileType = sourcecode.swift; path = AppDelegate.swift; sourceTree = "<group>"; };
		A388E1952218BEB600B7A672 /* Base */ = {isa = PBXFileReference; lastKnownFileType = file.storyboard; name = Base; path = Base.lproj/Main.storyboard; sourceTree = "<group>"; };
		A388E1972218BEB600B7A672 /* Assets.xcassets */ = {isa = PBXFileReference; lastKnownFileType = folder.assetcatalog; path = Assets.xcassets; sourceTree = "<group>"; };
		A388E19A2218BEB600B7A672 /* Base */ = {isa = PBXFileReference; lastKnownFileType = file.storyboard; name = Base; path = Base.lproj/LaunchScreen.storyboard; sourceTree = "<group>"; };
		A388E19C2218BEB600B7A672 /* Info.plist */ = {isa = PBXFileReference; lastKnownFileType = text.plist.xml; path = Info.plist; sourceTree = "<group>"; };
		A388E1A3221981D300B7A672 /* Smack-Bridging-Header.h */ = {isa = PBXFileReference; lastKnownFileType = sourcecode.c.h; path = "Smack-Bridging-Header.h"; sourceTree = "<group>"; };
		A388E1A4221981D400B7A672 /* SWRevealViewController.h */ = {isa = PBXFileReference; fileEncoding = 4; lastKnownFileType = sourcecode.c.h; path = SWRevealViewController.h; sourceTree = "<group>"; };
		A388E1A5221981D500B7A672 /* SWRevealViewController.m */ = {isa = PBXFileReference; fileEncoding = 4; lastKnownFileType = sourcecode.c.objc; path = SWRevealViewController.m; sourceTree = "<group>"; };
		A388E1AA2219C8CE00B7A672 /* ChannelVC.swift */ = {isa = PBXFileReference; lastKnownFileType = sourcecode.swift; path = ChannelVC.swift; sourceTree = "<group>"; };
		A388E1AC2219C8E800B7A672 /* ChatVC.swift */ = {isa = PBXFileReference; lastKnownFileType = sourcecode.swift; path = ChatVC.swift; sourceTree = "<group>"; };
		A388E1AE221AFDAC00B7A672 /* GradiantView.swift */ = {isa = PBXFileReference; lastKnownFileType = sourcecode.swift; path = GradiantView.swift; sourceTree = "<group>"; };
		A3E3994B221B327100CD60CD /* Constants.swift */ = {isa = PBXFileReference; lastKnownFileType = sourcecode.swift; path = Constants.swift; sourceTree = "<group>"; };
		A3E3994D221B4CE200CD60CD /* LoginVC.swift */ = {isa = PBXFileReference; lastKnownFileType = sourcecode.swift; path = LoginVC.swift; sourceTree = "<group>"; };
		A3E3994F221B693000CD60CD /* CreateAccountVC.swift */ = {isa = PBXFileReference; lastKnownFileType = sourcecode.swift; path = CreateAccountVC.swift; sourceTree = "<group>"; };
		BCDD3B122F931735951BCB4B /* Pods_Smack.framework */ = {isa = PBXFileReference; explicitFileType = wrapper.framework; includeInIndex = 0; path = Pods_Smack.framework; sourceTree = BUILT_PRODUCTS_DIR; };
		D839CB9E7EC026B6B65B90EE /* Pods-Smack.release.xcconfig */ = {isa = PBXFileReference; includeInIndex = 1; lastKnownFileType = text.xcconfig; name = "Pods-Smack.release.xcconfig"; path = "Pods/Target Support Files/Pods-Smack/Pods-Smack.release.xcconfig"; sourceTree = "<group>"; };
/* End PBXFileReference section */

/* Begin PBXFrameworksBuildPhase section */
		A388E18A2218BEB600B7A672 /* Frameworks */ = {
			isa = PBXFrameworksBuildPhase;
			buildActionMask = 2147483647;
			files = (
				1E76A33C2D8ED9D71E2BBDA6 /* Pods_Smack.framework in Frameworks */,
			);
			runOnlyForDeploymentPostprocessing = 0;
		};
/* End PBXFrameworksBuildPhase section */

/* Begin PBXGroup section */
		639C5E6B8CE415DD6EAFE45E /* Pods */ = {
			isa = PBXGroup;
			children = (
				3E2D68C59BC39357A67986EA /* Pods-Smack.debug.xcconfig */,
				D839CB9E7EC026B6B65B90EE /* Pods-Smack.release.xcconfig */,
			);
			name = Pods;
			sourceTree = "<group>";
		};
		678D672D678B75A7F09C8C73 /* Frameworks */ = {
			isa = PBXGroup;
			children = (
				BCDD3B122F931735951BCB4B /* Pods_Smack.framework */,
			);
			name = Frameworks;
			sourceTree = "<group>";
		};
		A316D97A2222B283000E4721 /* Services */ = {
			isa = PBXGroup;
			children = (
				A316D97B2222B2DE000E4721 /* AuthService.swift */,
			);
			path = Services;
			sourceTree = "<group>";
		};
		A388E1842218BEB500B7A672 = {
			isa = PBXGroup;
			children = (
				A388E18F2218BEB600B7A672 /* Smack */,
				A388E18E2218BEB600B7A672 /* Products */,
				639C5E6B8CE415DD6EAFE45E /* Pods */,
				678D672D678B75A7F09C8C73 /* Frameworks */,
			);
			sourceTree = "<group>";
		};
		A388E18E2218BEB600B7A672 /* Products */ = {
			isa = PBXGroup;
			children = (
				A388E18D2218BEB600B7A672 /* Smack.app */,
			);
			name = Products;
			sourceTree = "<group>";
		};
		A388E18F2218BEB600B7A672 /* Smack */ = {
			isa = PBXGroup;
			children = (
				A316D97A2222B283000E4721 /* Services */,
				A3E3994A221B323600CD60CD /* Utilities */,
				A388E1A92219C8A400B7A672 /* Model */,
				A388E1A82219C88E00B7A672 /* View */,
				A388E1A72219C87F00B7A672 /* Controller */,
				A388E1A22219812E00B7A672 /* Supporting Files */,
				A388E1902218BEB600B7A672 /* AppDelegate.swift */,
				A388E1942218BEB600B7A672 /* Main.storyboard */,
				A388E1972218BEB600B7A672 /* Assets.xcassets */,
				A388E1992218BEB600B7A672 /* LaunchScreen.storyboard */,
				A388E19C2218BEB600B7A672 /* Info.plist */,
			);
			path = Smack;
			sourceTree = "<group>";
		};
		A388E1A22219812E00B7A672 /* Supporting Files */ = {
			isa = PBXGroup;
			children = (
				A388E1A4221981D400B7A672 /* SWRevealViewController.h */,
				A388E1A5221981D500B7A672 /* SWRevealViewController.m */,
				A388E1A3221981D300B7A672 /* Smack-Bridging-Header.h */,
			);
			path = "Supporting Files";
			sourceTree = "<group>";
		};
		A388E1A72219C87F00B7A672 /* Controller */ = {
			isa = PBXGroup;
			children = (
				A388E1AA2219C8CE00B7A672 /* ChannelVC.swift */,
				A388E1AC2219C8E800B7A672 /* ChatVC.swift */,
				A3E3994D221B4CE200CD60CD /* LoginVC.swift */,
				A3E3994F221B693000CD60CD /* CreateAccountVC.swift */,
			);
			path = Controller;
			sourceTree = "<group>";
		};
		A388E1A82219C88E00B7A672 /* View */ = {
			isa = PBXGroup;
			children = (
				A388E1AE221AFDAC00B7A672 /* GradiantView.swift */,
			);
			path = View;
			sourceTree = "<group>";
		};
		A388E1A92219C8A400B7A672 /* Model */ = {
			isa = PBXGroup;
			children = (
			);
			path = Model;
			sourceTree = "<group>";
		};
		A3E3994A221B323600CD60CD /* Utilities */ = {
			isa = PBXGroup;
			children = (
				A3E3994B221B327100CD60CD /* Constants.swift */,
			);
			path = Utilities;
			sourceTree = "<group>";
		};
/* End PBXGroup section */

/* Begin PBXNativeTarget section */
		A388E18C2218BEB600B7A672 /* Smack */ = {
			isa = PBXNativeTarget;
			buildConfigurationList = A388E19F2218BEB600B7A672 /* Build configuration list for PBXNativeTarget "Smack" */;
			buildPhases = (
				18F536A8336191E80DBC633C /* [CP] Check Pods Manifest.lock */,
				A388E1892218BEB600B7A672 /* Sources */,
				A388E18A2218BEB600B7A672 /* Frameworks */,
				A388E18B2218BEB600B7A672 /* Resources */,
				B83F554038B323DCE631F902 /* [CP] Embed Pods Frameworks */,
			);
			buildRules = (
			);
			dependencies = (
			);
			name = Smack;
			productName = Smack;
			productReference = A388E18D2218BEB600B7A672 /* Smack.app */;
			productType = "com.apple.product-type.application";
		};
/* End PBXNativeTarget section */

/* Begin PBXProject section */
		A388E1852218BEB500B7A672 /* Project object */ = {
			isa = PBXProject;
			attributes = {
				LastSwiftUpdateCheck = 0910;
				LastUpgradeCheck = 0910;
				ORGANIZATIONNAME = "Mrwan Mohsen";
				TargetAttributes = {
					A388E18C2218BEB600B7A672 = {
						CreatedOnToolsVersion = 9.1;
						LastSwiftMigration = 0910;
						ProvisioningStyle = Automatic;
					};
				};
			};
			buildConfigurationList = A388E1882218BEB500B7A672 /* Build configuration list for PBXProject "Smack" */;
			compatibilityVersion = "Xcode 8.0";
			developmentRegion = en;
			hasScannedForEncodings = 0;
			knownRegions = (
				en,
				Base,
			);
			mainGroup = A388E1842218BEB500B7A672;
			productRefGroup = A388E18E2218BEB600B7A672 /* Products */;
			projectDirPath = "";
			projectRoot = "";
			targets = (
				A388E18C2218BEB600B7A672 /* Smack */,
			);
		};
/* End PBXProject section */

/* Begin PBXResourcesBuildPhase section */
		A388E18B2218BEB600B7A672 /* Resources */ = {
			isa = PBXResourcesBuildPhase;
			buildActionMask = 2147483647;
			files = (
				A388E19B2218BEB600B7A672 /* LaunchScreen.storyboard in Resources */,
				A388E1982218BEB600B7A672 /* Assets.xcassets in Resources */,
				A388E1962218BEB600B7A672 /* Main.storyboard in Resources */,
			);
			runOnlyForDeploymentPostprocessing = 0;
		};
/* End PBXResourcesBuildPhase section */

/* Begin PBXShellScriptBuildPhase section */
		18F536A8336191E80DBC633C /* [CP] Check Pods Manifest.lock */ = {
			isa = PBXShellScriptBuildPhase;
			buildActionMask = 2147483647;
			files = (
			);
			inputPaths = (
				"${PODS_PODFILE_DIR_PATH}/Podfile.lock",
				"${PODS_ROOT}/Manifest.lock",
			);
			name = "[CP] Check Pods Manifest.lock";
			outputPaths = (
				"$(DERIVED_FILE_DIR)/Pods-Smack-checkManifestLockResult.txt",
			);
			runOnlyForDeploymentPostprocessing = 0;
			shellPath = /bin/sh;
			shellScript = "diff \"${PODS_PODFILE_DIR_PATH}/Podfile.lock\" \"${PODS_ROOT}/Manifest.lock\" > /dev/null\nif [ $? != 0 ] ; then\n    # print error to STDERR\n    echo \"error: The sandbox is not in sync with the Podfile.lock. Run 'pod install' or update your CocoaPods installation.\" >&2\n    exit 1\nfi\n# This output is used by Xcode 'outputs' to avoid re-running this script phase.\necho \"SUCCESS\" > \"${SCRIPT_OUTPUT_FILE_0}\"\n";
			showEnvVarsInLog = 0;
		};
		B83F554038B323DCE631F902 /* [CP] Embed Pods Frameworks */ = {
			isa = PBXShellScriptBuildPhase;
			buildActionMask = 2147483647;
			files = (
			);
			inputPaths = (
				"${SRCROOT}/Pods/Target Support Files/Pods-Smack/Pods-Smack-frameworks.sh",
				"${BUILT_PRODUCTS_DIR}/Alamofire/Alamofire.framework",
				"${BUILT_PRODUCTS_DIR}/Socket.IO-Client-Swift/SocketIO.framework",
				"${BUILT_PRODUCTS_DIR}/Starscream/Starscream.framework",
				"${BUILT_PRODUCTS_DIR}/SwiftyJSON/SwiftyJSON.framework",
			);
			name = "[CP] Embed Pods Frameworks";
			outputPaths = (
				"${TARGET_BUILD_DIR}/${FRAMEWORKS_FOLDER_PATH}/Alamofire.framework",
				"${TARGET_BUILD_DIR}/${FRAMEWORKS_FOLDER_PATH}/SocketIO.framework",
				"${TARGET_BUILD_DIR}/${FRAMEWORKS_FOLDER_PATH}/Starscream.framework",
				"${TARGET_BUILD_DIR}/${FRAMEWORKS_FOLDER_PATH}/SwiftyJSON.framework",
			);
			runOnlyForDeploymentPostprocessing = 0;
			shellPath = /bin/sh;
			shellScript = "\"${SRCROOT}/Pods/Target Support Files/Pods-Smack/Pods-Smack-frameworks.sh\"\n";
			showEnvVarsInLog = 0;
		};
/* End PBXShellScriptBuildPhase section */

/* Begin PBXSourcesBuildPhase section */
		A388E1892218BEB600B7A672 /* Sources */ = {
			isa = PBXSourcesBuildPhase;
			buildActionMask = 2147483647;
			files = (
				A388E1AF221AFDAD00B7A672 /* GradiantView.swift in Sources */,
				A388E1AD2219C8E800B7A672 /* ChatVC.swift in Sources */,
				A3E39950221B693000CD60CD /* CreateAccountVC.swift in Sources */,
				A316D97C2222B2DE000E4721 /* AuthService.swift in Sources */,
				A3E3994E221B4CE200CD60CD /* LoginVC.swift in Sources */,
				A388E1912218BEB600B7A672 /* AppDelegate.swift in Sources */,
				A388E1AB2219C8CE00B7A672 /* ChannelVC.swift in Sources */,
				A388E1A6221981D500B7A672 /* SWRevealViewController.m in Sources */,
				A3E3994C221B327100CD60CD /* Constants.swift in Sources */,
			);
			runOnlyForDeploymentPostprocessing = 0;
		};
/* End PBXSourcesBuildPhase section */

/* Begin PBXVariantGroup section */
		A388E1942218BEB600B7A672 /* Main.storyboard */ = {
			isa = PBXVariantGroup;
			children = (
				A388E1952218BEB600B7A672 /* Base */,
			);
			name = Main.storyboard;
			sourceTree = "<group>";
		};
		A388E1992218BEB600B7A672 /* LaunchScreen.storyboard */ = {
			isa = PBXVariantGroup;
			children = (
				A388E19A2218BEB600B7A672 /* Base */,
			);
			name = LaunchScreen.storyboard;
			sourceTree = "<group>";
		};
/* End PBXVariantGroup section */

/* Begin XCBuildConfiguration section */
		A388E19D2218BEB600B7A672 /* Debug */ = {
			isa = XCBuildConfiguration;
			buildSettings = {
				ALWAYS_SEARCH_USER_PATHS = NO;
				CLANG_ANALYZER_NONNULL = YES;
				CLANG_ANALYZER_NUMBER_OBJECT_CONVERSION = YES_AGGRESSIVE;
				CLANG_CXX_LANGUAGE_STANDARD = "gnu++14";
				CLANG_CXX_LIBRARY = "libc++";
				CLANG_ENABLE_MODULES = YES;
				CLANG_ENABLE_OBJC_ARC = YES;
				CLANG_WARN_BLOCK_CAPTURE_AUTORELEASING = YES;
				CLANG_WARN_BOOL_CONVERSION = YES;
				CLANG_WARN_COMMA = YES;
				CLANG_WARN_CONSTANT_CONVERSION = YES;
				CLANG_WARN_DIRECT_OBJC_ISA_USAGE = YES_ERROR;
				CLANG_WARN_DOCUMENTATION_COMMENTS = YES;
				CLANG_WARN_EMPTY_BODY = YES;
				CLANG_WARN_ENUM_CONVERSION = YES;
				CLANG_WARN_INFINITE_RECURSION = YES;
				CLANG_WARN_INT_CONVERSION = YES;
				CLANG_WARN_NON_LITERAL_NULL_CONVERSION = YES;
				CLANG_WARN_OBJC_LITERAL_CONVERSION = YES;
				CLANG_WARN_OBJC_ROOT_CLASS = YES_ERROR;
				CLANG_WARN_RANGE_LOOP_ANALYSIS = YES;
				CLANG_WARN_STRICT_PROTOTYPES = YES;
				CLANG_WARN_SUSPICIOUS_MOVE = YES;
				CLANG_WARN_UNGUARDED_AVAILABILITY = YES_AGGRESSIVE;
				CLANG_WARN_UNREACHABLE_CODE = YES;
				CLANG_WARN__DUPLICATE_METHOD_MATCH = YES;
				CODE_SIGN_IDENTITY = "iPhone Developer";
				COPY_PHASE_STRIP = NO;
				DEBUG_INFORMATION_FORMAT = dwarf;
				ENABLE_STRICT_OBJC_MSGSEND = YES;
				ENABLE_TESTABILITY = YES;
				GCC_C_LANGUAGE_STANDARD = gnu11;
				GCC_DYNAMIC_NO_PIC = NO;
				GCC_NO_COMMON_BLOCKS = YES;
				GCC_OPTIMIZATION_LEVEL = 0;
				GCC_PREPROCESSOR_DEFINITIONS = (
					"DEBUG=1",
					"$(inherited)",
				);
				GCC_WARN_64_TO_32_BIT_CONVERSION = YES;
				GCC_WARN_ABOUT_RETURN_TYPE = YES_ERROR;
				GCC_WARN_UNDECLARED_SELECTOR = YES;
				GCC_WARN_UNINITIALIZED_AUTOS = YES_AGGRESSIVE;
				GCC_WARN_UNUSED_FUNCTION = YES;
				GCC_WARN_UNUSED_VARIABLE = YES;
				IPHONEOS_DEPLOYMENT_TARGET = 11.1;
				MTL_ENABLE_DEBUG_INFO = YES;
				ONLY_ACTIVE_ARCH = YES;
				SDKROOT = iphoneos;
				SWIFT_ACTIVE_COMPILATION_CONDITIONS = DEBUG;
				SWIFT_OPTIMIZATION_LEVEL = "-Onone";
			};
			name = Debug;
		};
		A388E19E2218BEB600B7A672 /* Release */ = {
			isa = XCBuildConfiguration;
			buildSettings = {
				ALWAYS_SEARCH_USER_PATHS = NO;
				CLANG_ANALYZER_NONNULL = YES;
				CLANG_ANALYZER_NUMBER_OBJECT_CONVERSION = YES_AGGRESSIVE;
				CLANG_CXX_LANGUAGE_STANDARD = "gnu++14";
				CLANG_CXX_LIBRARY = "libc++";
				CLANG_ENABLE_MODULES = YES;
				CLANG_ENABLE_OBJC_ARC = YES;
				CLANG_WARN_BLOCK_CAPTURE_AUTORELEASING = YES;
				CLANG_WARN_BOOL_CONVERSION = YES;
				CLANG_WARN_COMMA = YES;
				CLANG_WARN_CONSTANT_CONVERSION = YES;
				CLANG_WARN_DIRECT_OBJC_ISA_USAGE = YES_ERROR;
				CLANG_WARN_DOCUMENTATION_COMMENTS = YES;
				CLANG_WARN_EMPTY_BODY = YES;
				CLANG_WARN_ENUM_CONVERSION = YES;
				CLANG_WARN_INFINITE_RECURSION = YES;
				CLANG_WARN_INT_CONVERSION = YES;
				CLANG_WARN_NON_LITERAL_NULL_CONVERSION = YES;
				CLANG_WARN_OBJC_LITERAL_CONVERSION = YES;
				CLANG_WARN_OBJC_ROOT_CLASS = YES_ERROR;
				CLANG_WARN_RANGE_LOOP_ANALYSIS = YES;
				CLANG_WARN_STRICT_PROTOTYPES = YES;
				CLANG_WARN_SUSPICIOUS_MOVE = YES;
				CLANG_WARN_UNGUARDED_AVAILABILITY = YES_AGGRESSIVE;
				CLANG_WARN_UNREACHABLE_CODE = YES;
				CLANG_WARN__DUPLICATE_METHOD_MATCH = YES;
				CODE_SIGN_IDENTITY = "iPhone Developer";
				COPY_PHASE_STRIP = NO;
				DEBUG_INFORMATION_FORMAT = "dwarf-with-dsym";
				ENABLE_NS_ASSERTIONS = NO;
				ENABLE_STRICT_OBJC_MSGSEND = YES;
				GCC_C_LANGUAGE_STANDARD = gnu11;
				GCC_NO_COMMON_BLOCKS = YES;
				GCC_WARN_64_TO_32_BIT_CONVERSION = YES;
				GCC_WARN_ABOUT_RETURN_TYPE = YES_ERROR;
				GCC_WARN_UNDECLARED_SELECTOR = YES;
				GCC_WARN_UNINITIALIZED_AUTOS = YES_AGGRESSIVE;
				GCC_WARN_UNUSED_FUNCTION = YES;
				GCC_WARN_UNUSED_VARIABLE = YES;
				IPHONEOS_DEPLOYMENT_TARGET = 11.1;
				MTL_ENABLE_DEBUG_INFO = NO;
				SDKROOT = iphoneos;
				SWIFT_OPTIMIZATION_LEVEL = "-Owholemodule";
				VALIDATE_PRODUCT = YES;
			};
			name = Release;
		};
		A388E1A02218BEB600B7A672 /* Debug */ = {
			isa = XCBuildConfiguration;
			baseConfigurationReference = 3E2D68C59BC39357A67986EA /* Pods-Smack.debug.xcconfig */;
			buildSettings = {
				ASSETCATALOG_COMPILER_APPICON_NAME = AppIcon;
				CLANG_ENABLE_MODULES = YES;
				CODE_SIGN_STYLE = Automatic;
				DEVELOPMENT_TEAM = T248F27MUJ;
				INFOPLIST_FILE = Smack/Info.plist;
				LD_RUNPATH_SEARCH_PATHS = "$(inherited) @executable_path/Frameworks";
				PRODUCT_BUNDLE_IDENTIFIER = devslope.Smack;
				PRODUCT_NAME = "$(TARGET_NAME)";
				SWIFT_OBJC_BRIDGING_HEADER = "Smack/Supporting Files/Smack-Bridging-Header.h";
				SWIFT_OPTIMIZATION_LEVEL = "-Onone";
				SWIFT_VERSION = 4.0;
				TARGETED_DEVICE_FAMILY = "1,2";
			};
			name = Debug;
		};
		A388E1A12218BEB600B7A672 /* Release */ = {
			isa = XCBuildConfiguration;
			baseConfigurationReference = D839CB9E7EC026B6B65B90EE /* Pods-Smack.release.xcconfig */;
			buildSettings = {
				ASSETCATALOG_COMPILER_APPICON_NAME = AppIcon;
				CLANG_ENABLE_MODULES = YES;
				CODE_SIGN_STYLE = Automatic;
				DEVELOPMENT_TEAM = T248F27MUJ;
				INFOPLIST_FILE = Smack/Info.plist;
				LD_RUNPATH_SEARCH_PATHS = "$(inherited) @executable_path/Frameworks";
				PRODUCT_BUNDLE_IDENTIFIER = devslope.Smack;
				PRODUCT_NAME = "$(TARGET_NAME)";
				SWIFT_OBJC_BRIDGING_HEADER = "Smack/Supporting Files/Smack-Bridging-Header.h";
				SWIFT_VERSION = 4.0;
				TARGETED_DEVICE_FAMILY = "1,2";
			};
			name = Release;
		};
/* End XCBuildConfiguration section */

/* Begin XCConfigurationList section */
		A388E1882218BEB500B7A672 /* Build configuration list for PBXProject "Smack" */ = {
			isa = XCConfigurationList;
			buildConfigurations = (
				A388E19D2218BEB600B7A672 /* Debug */,
				A388E19E2218BEB600B7A672 /* Release */,
			);
			defaultConfigurationIsVisible = 0;
			defaultConfigurationName = Release;
		};
		A388E19F2218BEB600B7A672 /* Build configuration list for PBXNativeTarget "Smack" */ = {
			isa = XCConfigurationList;
			buildConfigurations = (
				A388E1A02218BEB600B7A672 /* Debug */,
				A388E1A12218BEB600B7A672 /* Release */,
			);
			defaultConfigurationIsVisible = 0;
			defaultConfigurationName = Release;
		};
/* End XCConfigurationList section */
	};
	rootObject = A388E1852218BEB500B7A672 /* Project object */;
}
